
Microsoft Visual Studio Solution File, Format Version 11.00
# Visual C# Express 2010
Project("{FAE04EC0-301F-11D3-BF4B-00C04F79EFBC}") = "Task02", "Task02\Task02.csproj", "{3F9F2659-0672-487D-AC47-2289CA7DEF6D}"
EndProject
Project("{FAE04EC0-301F-11D3-BF4B-00C04F79EFBC}") = "Task01", "Task01\Task01.csproj", "{7FC1757A-37C6-4820-A0CF-A0592632CD47}"
EndProject
Global
	GlobalSection(SolutionConfigurationPlatforms) = preSolution
		Debug|x86 = Debug|x86
		Release|x86 = Release|x86
	EndGlobalSection
	GlobalSection(ProjectConfigurationPlatforms) = postSolution
		{3F9F2659-0672-487D-AC47-2289CA7DEF6D}.Debug|x86.ActiveCfg = Debug|x86
		{3F9F2659-0672-487D-AC47-2289CA7DEF6D}.Debug|x86.Build.0 = Debug|x86
		{3F9F2659-0672-487D-AC47-2289CA7DEF6D}.Release|x86.ActiveCfg = Release|x86
		{3F9F2659-0672-487D-AC47-2289CA7DEF6D}.Release|x86.Build.0 = Release|x86
		{7FC1757A-37C6-4820-A0CF-A0592632CD47}.Debug|x86.ActiveCfg = Debug|x86
		{7FC1757A-37C6-4820-A0CF-A0592632CD47}.Debug|x86.Build.0 = Debug|x86
		{7FC1757A-37C6-4820-A0CF-A0592632CD47}.Release|x86.ActiveCfg = Release|x86
		{7FC1757A-37C6-4820-A0CF-A0592632CD47}.Release|x86.Build.0 = Release|x86
	EndGlobalSection
	GlobalSection(SolutionProperties) = preSolution
		HideSolutionNode = FALSE
	EndGlobalSection
EndGlobal
